
Microsoft Visual Studio Solution File, Format Version 12.00
# Visual Studio 15
VisualStudioVersion = 15.0.28307.1705
MinimumVisualStudioVersion = 10.0.40219.1
Project("{FAE04EC0-301F-11D3-BF4B-00C04F79EFBC}") = "ShopControl", "ShopControl\ShopControl.csproj", "{7A1AE4B3-BC94-419B-B4B9-D04BA7B74026}"
EndProject
Global
	GlobalSection(SolutionConfigurationPlatforms) = preSolution
		Debug|Any CPU = Debug|Any CPU
		Release|Any CPU = Release|Any CPU
	EndGlobalSection
	GlobalSection(ProjectConfigurationPlatforms) = postSolution
		{7A1AE4B3-BC94-419B-B4B9-D04BA7B74026}.Debug|Any CPU.ActiveCfg = Debug|Any CPU
		{7A1AE4B3-BC94-419B-B4B9-D04BA7B74026}.Debug|Any CPU.Build.0 = Debug|Any CPU
		{7A1AE4B3-BC94-419B-B4B9-D04BA7B74026}.Release|Any CPU.ActiveCfg = Release|Any CPU
		{7A1AE4B3-BC94-419B-B4B9-D04BA7B74026}.Release|Any CPU.Build.0 = Release|Any CPU
	EndGlobalSection
	GlobalSection(SolutionProperties) = preSolution
		HideSolutionNode = FALSE
	EndGlobalSection
	GlobalSection(ExtensibilityGlobals) = postSolution
		SolutionGuid = {7F57FB90-3C56-4A84-BAA4-1A3EDA0B2AF5}
	EndGlobalSection
EndGlobal
